// !$*UTF8*$!
{
	archiveVersion = 1;
	classes = {
	};
	objectVersion = 50;
	objects = {

/* Begin PBXBuildFile section */
		43A597F724FAC11600F0113E /* AppDelegate.swift in Sources */ = {isa = PBXBuildFile; fileRef = 43A597F624FAC11600F0113E /* AppDelegate.swift */; };
		43A597F924FAC11600F0113E /* SceneDelegate.swift in Sources */ = {isa = PBXBuildFile; fileRef = 43A597F824FAC11600F0113E /* SceneDelegate.swift */; };
		43A597FB24FAC11600F0113E /* ViewController.swift in Sources */ = {isa = PBXBuildFile; fileRef = 43A597FA24FAC11600F0113E /* ViewController.swift */; };
		43A597FE24FAC11600F0113E /* Main.storyboard in Resources */ = {isa = PBXBuildFile; fileRef = 43A597FC24FAC11600F0113E /* Main.storyboard */; };
		43A5980024FAC11600F0113E /* Assets.xcassets in Resources */ = {isa = PBXBuildFile; fileRef = 43A597FF24FAC11600F0113E /* Assets.xcassets */; };
		43A5980324FAC11600F0113E /* LaunchScreen.storyboard in Resources */ = {isa = PBXBuildFile; fileRef = 43A5980124FAC11600F0113E /* LaunchScreen.storyboard */; };
		43A5980B24FBA21D00F0113E /* AthorizationData.swift in Sources */ = {isa = PBXBuildFile; fileRef = 43A5980A24FBA21D00F0113E /* AthorizationData.swift */; };
		43A6A27824FC1CA900F5F2DD /* WelcomePageViewController.swift in Sources */ = {isa = PBXBuildFile; fileRef = 43A6A27724FC1CA900F5F2DD /* WelcomePageViewController.swift */; };
		43A6A27A24FCAE5300F5F2DD /* AboutMeViewController.swift in Sources */ = {isa = PBXBuildFile; fileRef = 43A6A27924FCAE5300F5F2DD /* AboutMeViewController.swift */; };
		43A6A27C24FCB47F00F5F2DD /* AboutMeData.swift in Sources */ = {isa = PBXBuildFile; fileRef = 43A6A27B24FCB47F00F5F2DD /* AboutMeData.swift */; };
/* End PBXBuildFile section */

/* Begin PBXFileReference section */
		43A597F324FAC11600F0113E /* HW4.app */ = {isa = PBXFileReference; explicitFileType = wrapper.application; includeInIndex = 0; path = HW4.app; sourceTree = BUILT_PRODUCTS_DIR; };
		43A597F624FAC11600F0113E /* AppDelegate.swift */ = {isa = PBXFileReference; lastKnownFileType = sourcecode.swift; path = AppDelegate.swift; sourceTree = "<group>"; };
		43A597F824FAC11600F0113E /* SceneDelegate.swift */ = {isa = PBXFileReference; lastKnownFileType = sourcecode.swift; path = SceneDelegate.swift; sourceTree = "<group>"; };
		43A597FA24FAC11600F0113E /* ViewController.swift */ = {isa = PBXFileReference; lastKnownFileType = sourcecode.swift; path = ViewController.swift; sourceTree = "<group>"; };
		43A597FD24FAC11600F0113E /* Base */ = {isa = PBXFileReference; lastKnownFileType = file.storyboard; name = Base; path = Base.lproj/Main.storyboard; sourceTree = "<group>"; };
		43A597FF24FAC11600F0113E /* Assets.xcassets */ = {isa = PBXFileReference; lastKnownFileType = folder.assetcatalog; path = Assets.xcassets; sourceTree = "<group>"; };
		43A5980224FAC11600F0113E /* Base */ = {isa = PBXFileReference; lastKnownFileType = file.storyboard; name = Base; path = Base.lproj/LaunchScreen.storyboard; sourceTree = "<group>"; };
		43A5980424FAC11600F0113E /* Info.plist */ = {isa = PBXFileReference; lastKnownFileType = text.plist.xml; path = Info.plist; sourceTree = "<group>"; };
		43A5980A24FBA21D00F0113E /* AthorizationData.swift */ = {isa = PBXFileReference; lastKnownFileType = sourcecode.swift; path = AthorizationData.swift; sourceTree = "<group>"; };
		43A6A27724FC1CA900F5F2DD /* WelcomePageViewController.swift */ = {isa = PBXFileReference; lastKnownFileType = sourcecode.swift; path = WelcomePageViewController.swift; sourceTree = "<group>"; };
		43A6A27924FCAE5300F5F2DD /* AboutMeViewController.swift */ = {isa = PBXFileReference; lastKnownFileType = sourcecode.swift; path = AboutMeViewController.swift; sourceTree = "<group>"; };
		43A6A27B24FCB47F00F5F2DD /* AboutMeData.swift */ = {isa = PBXFileReference; lastKnownFileType = sourcecode.swift; path = AboutMeData.swift; sourceTree = "<group>"; };
/* End PBXFileReference section */

/* Begin PBXFrameworksBuildPhase section */
		43A597F024FAC11600F0113E /* Frameworks */ = {
			isa = PBXFrameworksBuildPhase;
			buildActionMask = 2147483647;
			files = (
			);
			runOnlyForDeploymentPostprocessing = 0;
		};
/* End PBXFrameworksBuildPhase section */

/* Begin PBXGroup section */
		43A597EA24FAC11600F0113E = {
			isa = PBXGroup;
			children = (
				43A597F524FAC11600F0113E /* HW4 */,
				43A597F424FAC11600F0113E /* Products */,
			);
			sourceTree = "<group>";
		};
		43A597F424FAC11600F0113E /* Products */ = {
			isa = PBXGroup;
			children = (
				43A597F324FAC11600F0113E /* HW4.app */,
			);
			name = Products;
			sourceTree = "<group>";
		};
		43A597F524FAC11600F0113E /* HW4 */ = {
			isa = PBXGroup;
			children = (
				43A597FA24FAC11600F0113E /* ViewController.swift */,
				43A6A27724FC1CA900F5F2DD /* WelcomePageViewController.swift */,
				43A6A27924FCAE5300F5F2DD /* AboutMeViewController.swift */,
				43A5980A24FBA21D00F0113E /* AthorizationData.swift */,
				43A6A27B24FCB47F00F5F2DD /* AboutMeData.swift */,
				43A597FC24FAC11600F0113E /* Main.storyboard */,
				43A597FF24FAC11600F0113E /* Assets.xcassets */,
				43A5980124FAC11600F0113E /* LaunchScreen.storyboard */,
				43A597F824FAC11600F0113E /* SceneDelegate.swift */,
				43A597F624FAC11600F0113E /* AppDelegate.swift */,
				43A5980424FAC11600F0113E /* Info.plist */,
			);
			path = HW4;
			sourceTree = "<group>";
		};
/* End PBXGroup section */

/* Begin PBXNativeTarget section */
		43A597F224FAC11600F0113E /* HW4 */ = {
			isa = PBXNativeTarget;
			buildConfigurationList = 43A5980724FAC11600F0113E /* Build configuration list for PBXNativeTarget "HW4" */;
			buildPhases = (
				43A597EF24FAC11600F0113E /* Sources */,
				43A597F024FAC11600F0113E /* Frameworks */,
				43A597F124FAC11600F0113E /* Resources */,
			);
			buildRules = (
			);
			dependencies = (
			);
			name = HW4;
			productName = HW4;
			productReference = 43A597F324FAC11600F0113E /* HW4.app */;
			productType = "com.apple.product-type.application";
		};
/* End PBXNativeTarget section */

/* Begin PBXProject section */
		43A597EB24FAC11600F0113E /* Project object */ = {
			isa = PBXProject;
			attributes = {
				LastSwiftUpdateCheck = 1160;
				LastUpgradeCheck = 1160;
				ORGANIZATIONNAME = "Mikhail Miliusha";
				TargetAttributes = {
					43A597F224FAC11600F0113E = {
						CreatedOnToolsVersion = 11.6;
					};
				};
			};
			buildConfigurationList = 43A597EE24FAC11600F0113E /* Build configuration list for PBXProject "HW4" */;
			compatibilityVersion = "Xcode 9.3";
			developmentRegion = en;
			hasScannedForEncodings = 0;
			knownRegions = (
				en,
				Base,
			);
			mainGroup = 43A597EA24FAC11600F0113E;
			productRefGroup = 43A597F424FAC11600F0113E /* Products */;
			projectDirPath = "";
			projectRoot = "";
			targets = (
				43A597F224FAC11600F0113E /* HW4 */,
			);
		};
/* End PBXProject section */

/* Begin PBXResourcesBuildPhase section */
		43A597F124FAC11600F0113E /* Resources */ = {
			isa = PBXResourcesBuildPhase;
			buildActionMask = 2147483647;
			files = (
				43A5980324FAC11600F0113E /* LaunchScreen.storyboard in Resources */,
				43A5980024FAC11600F0113E /* Assets.xcassets in Resources */,
				43A597FE24FAC11600F0113E /* Main.storyboard in Resources */,
			);
			runOnlyForDeploymentPostprocessing = 0;
		};
/* End PBXResourcesBuildPhase section */

/* Begin PBXSourcesBuildPhase section */
		43A597EF24FAC11600F0113E /* Sources */ = {
			isa = PBXSourcesBuildPhase;
			buildActionMask = 2147483647;
			files = (
				43A6A27C24FCB47F00F5F2DD /* AboutMeData.swift in Sources */,
				43A597FB24FAC11600F0113E /* ViewController.swift in Sources */,
				43A597F724FAC11600F0113E /* AppDelegate.swift in Sources */,
				43A597F924FAC11600F0113E /* SceneDelegate.swift in Sources */,
				43A5980B24FBA21D00F0113E /* AthorizationData.swift in Sources */,
				43A6A27A24FCAE5300F5F2DD /* AboutMeViewController.swift in Sources */,
				43A6A27824FC1CA900F5F2DD /* WelcomePageViewController.swift in Sources */,
			);
			runOnlyForDeploymentPostprocessing = 0;
		};
/* End PBXSourcesBuildPhase section */

/* Begin PBXVariantGroup section */
		43A597FC24FAC11600F0113E /* Main.storyboard */ = {
			isa = PBXVariantGroup;
			children = (
				43A597FD24FAC11600F0113E /* Base */,
			);
			name = Main.storyboard;
			sourceTree = "<group>";
		};
		43A5980124FAC11600F0113E /* LaunchScreen.storyboard */ = {
			isa = PBXVariantGroup;
			children = (
				43A5980224FAC11600F0113E /* Base */,
			);
			name = LaunchScreen.storyboard;
			sourceTree = "<group>";
		};
/* End PBXVariantGroup section */

/* Begin XCBuildConfiguration section */
		43A5980524FAC11600F0113E /* Debug */ = {
			isa = XCBuildConfiguration;
			buildSettings = {
				ALWAYS_SEARCH_USER_PATHS = NO;
				CLANG_ANALYZER_NONNULL = YES;
				CLANG_ANALYZER_NUMBER_OBJECT_CONVERSION = YES_AGGRESSIVE;
				CLANG_CXX_LANGUAGE_STANDARD = "gnu++14";
				CLANG_CXX_LIBRARY = "libc++";
				CLANG_ENABLE_MODULES = YES;
				CLANG_ENABLE_OBJC_ARC = YES;
				CLANG_ENABLE_OBJC_WEAK = YES;
				CLANG_WARN_BLOCK_CAPTURE_AUTORELEASING = YES;
				CLANG_WARN_BOOL_CONVERSION = YES;
				CLANG_WARN_COMMA = YES;
				CLANG_WARN_CONSTANT_CONVERSION = YES;
				CLANG_WARN_DEPRECATED_OBJC_IMPLEMENTATIONS = YES;
				CLANG_WARN_DIRECT_OBJC_ISA_USAGE = YES_ERROR;
				CLANG_WARN_DOCUMENTATION_COMMENTS = YES;
				CLANG_WARN_EMPTY_BODY = YES;
				CLANG_WARN_ENUM_CONVERSION = YES;
				CLANG_WARN_INFINITE_RECURSION = YES;
				CLANG_WARN_INT_CONVERSION = YES;
				CLANG_WARN_NON_LITERAL_NULL_CONVERSION = YES;
				CLANG_WARN_OBJC_IMPLICIT_RETAIN_SELF = YES;
				CLANG_WARN_OBJC_LITERAL_CONVERSION = YES;
				CLANG_WARN_OBJC_ROOT_CLASS = YES_ERROR;
				CLANG_WARN_RANGE_LOOP_ANALYSIS = YES;
				CLANG_WARN_STRICT_PROTOTYPES = YES;
				CLANG_WARN_SUSPICIOUS_MOVE = YES;
				CLANG_WARN_UNGUARDED_AVAILABILITY = YES_AGGRESSIVE;
				CLANG_WARN_UNREACHABLE_CODE = YES;
				CLANG_WARN__DUPLICATE_METHOD_MATCH = YES;
				COPY_PHASE_STRIP = NO;
				DEBUG_INFORMATION_FORMAT = dwarf;
				ENABLE_STRICT_OBJC_MSGSEND = YES;
				ENABLE_TESTABILITY = YES;
				GCC_C_LANGUAGE_STANDARD = gnu11;
				GCC_DYNAMIC_NO_PIC = NO;
				GCC_NO_COMMON_BLOCKS = YES;
				GCC_OPTIMIZATION_LEVEL = 0;
				GCC_PREPROCESSOR_DEFINITIONS = (
					"DEBUG=1",
					"$(inherited)",
				);
				GCC_WARN_64_TO_32_BIT_CONVERSION = YES;
				GCC_WARN_ABOUT_RETURN_TYPE = YES_ERROR;
				GCC_WARN_UNDECLARED_SELECTOR = YES;
				GCC_WARN_UNINITIALIZED_AUTOS = YES_AGGRESSIVE;
				GCC_WARN_UNUSED_FUNCTION = YES;
				GCC_WARN_UNUSED_VARIABLE = YES;
				IPHONEOS_DEPLOYMENT_TARGET = 13.6;
				MTL_ENABLE_DEBUG_INFO = INCLUDE_SOURCE;
				MTL_FAST_MATH = YES;
				ONLY_ACTIVE_ARCH = YES;
				SDKROOT = iphoneos;
				SWIFT_ACTIVE_COMPILATION_CONDITIONS = DEBUG;
				SWIFT_OPTIMIZATION_LEVEL = "-Onone";
			};
			name = Debug;
		};
		43A5980624FAC11600F0113E /* Release */ = {
			isa = XCBuildConfiguration;
			buildSettings = {
				ALWAYS_SEARCH_USER_PATHS = NO;
				CLANG_ANALYZER_NONNULL = YES;
				CLANG_ANALYZER_NUMBER_OBJECT_CONVERSION = YES_AGGRESSIVE;
				CLANG_CXX_LANGUAGE_STANDARD = "gnu++14";
				CLANG_CXX_LIBRARY = "libc++";
				CLANG_ENABLE_MODULES = YES;
				CLANG_ENABLE_OBJC_ARC = YES;
				CLANG_ENABLE_OBJC_WEAK = YES;
				CLANG_WARN_BLOCK_CAPTURE_AUTORELEASING = YES;
				CLANG_WARN_BOOL_CONVERSION = YES;
				CLANG_WARN_COMMA = YES;
				CLANG_WARN_CONSTANT_CONVERSION = YES;
				CLANG_WARN_DEPRECATED_OBJC_IMPLEMENTATIONS = YES;
				CLANG_WARN_DIRECT_OBJC_ISA_USAGE = YES_ERROR;
				CLANG_WARN_DOCUMENTATION_COMMENTS = YES;
				CLANG_WARN_EMPTY_BODY = YES;
				CLANG_WARN_ENUM_CONVERSION = YES;
				CLANG_WARN_INFINITE_RECURSION = YES;
				CLANG_WARN_INT_CONVERSION = YES;
				CLANG_WARN_NON_LITERAL_NULL_CONVERSION = YES;
				CLANG_WARN_OBJC_IMPLICIT_RETAIN_SELF = YES;
				CLANG_WARN_OBJC_LITERAL_CONVERSION = YES;
				CLANG_WARN_OBJC_ROOT_CLASS = YES_ERROR;
				CLANG_WARN_RANGE_LOOP_ANALYSIS = YES;
				CLANG_WARN_STRICT_PROTOTYPES = YES;
				CLANG_WARN_SUSPICIOUS_MOVE = YES;
				CLANG_WARN_UNGUARDED_AVAILABILITY = YES_AGGRESSIVE;
				CLANG_WARN_UNREACHABLE_CODE = YES;
				CLANG_WARN__DUPLICATE_METHOD_MATCH = YES;
				COPY_PHASE_STRIP = NO;
				DEBUG_INFORMATION_FORMAT = "dwarf-with-dsym";
				ENABLE_NS_ASSERTIONS = NO;
				ENABLE_STRICT_OBJC_MSGSEND = YES;
				GCC_C_LANGUAGE_STANDARD = gnu11;
				GCC_NO_COMMON_BLOCKS = YES;
				GCC_WARN_64_TO_32_BIT_CONVERSION = YES;
				GCC_WARN_ABOUT_RETURN_TYPE = YES_ERROR;
				GCC_WARN_UNDECLARED_SELECTOR = YES;
				GCC_WARN_UNINITIALIZED_AUTOS = YES_AGGRESSIVE;
				GCC_WARN_UNUSED_FUNCTION = YES;
				GCC_WARN_UNUSED_VARIABLE = YES;
				IPHONEOS_DEPLOYMENT_TARGET = 13.6;
				MTL_ENABLE_DEBUG_INFO = NO;
				MTL_FAST_MATH = YES;
				SDKROOT = iphoneos;
				SWIFT_COMPILATION_MODE = wholemodule;
				SWIFT_OPTIMIZATION_LEVEL = "-O";
				VALIDATE_PRODUCT = YES;
			};
			name = Release;
		};
		43A5980824FAC11600F0113E /* Debug */ = {
			isa = XCBuildConfiguration;
			buildSettings = {
				ASSETCATALOG_COMPILER_APPICON_NAME = AppIcon;
				CODE_SIGN_STYLE = Automatic;
				INFOPLIST_FILE = HW4/Info.plist;
				LD_RUNPATH_SEARCH_PATHS = (
					"$(inherited)",
					"@executable_path/Frameworks",
				);
				PRODUCT_BUNDLE_IDENTIFIER = ru.pages.HW4;
				PRODUCT_NAME = "$(TARGET_NAME)";
				SWIFT_VERSION = 5.0;
				TARGETED_DEVICE_FAMILY = "1,2";
			};
			name = Debug;
		};
		43A5980924FAC11600F0113E /* Release */ = {
			isa = XCBuildConfiguration;
			buildSettings = {
				ASSETCATALOG_COMPILER_APPICON_NAME = AppIcon;
				CODE_SIGN_STYLE = Automatic;
				INFOPLIST_FILE = HW4/Info.plist;
				LD_RUNPATH_SEARCH_PATHS = (
					"$(inherited)",
					"@executable_path/Frameworks",
				);
				PRODUCT_BUNDLE_IDENTIFIER = ru.pages.HW4;
				PRODUCT_NAME = "$(TARGET_NAME)";
				SWIFT_VERSION = 5.0;
				TARGETED_DEVICE_FAMILY = "1,2";
			};
			name = Release;
		};
/* End XCBuildConfiguration section */

/* Begin XCConfigurationList section */
		43A597EE24FAC11600F0113E /* Build configuration list for PBXProject "HW4" */ = {
			isa = XCConfigurationList;
			buildConfigurations = (
				43A5980524FAC11600F0113E /* Debug */,
				43A5980624FAC11600F0113E /* Release */,
			);
			defaultConfigurationIsVisible = 0;
			defaultConfigurationName = Release;
		};
		43A5980724FAC11600F0113E /* Build configuration list for PBXNativeTarget "HW4" */ = {
			isa = XCConfigurationList;
			buildConfigurations = (
				43A5980824FAC11600F0113E /* Debug */,
				43A5980924FAC11600F0113E /* Release */,
			);
			defaultConfigurationIsVisible = 0;
			defaultConfigurationName = Release;
		};
/* End XCConfigurationList section */
	};
	rootObject = 43A597EB24FAC11600F0113E /* Project object */;
}
